
Microsoft Visual Studio Solution File, Format Version 12.00
# Visual Studio Version 16
VisualStudioVersion = 16.0.31313.79
MinimumVisualStudioVersion = 10.0.40219.1
Project("{9A19103F-16F7-4668-BE54-9A1E7A4F7556}") = "HomeAccounting.UI", "HomeAccounting.UI\HomeAccounting.UI.csproj", "{057D63F9-B5F5-4BC7-A392-48CD83F1379D}"
EndProject
Project("{9A19103F-16F7-4668-BE54-9A1E7A4F7556}") = "HomeAccounting.Console", "HomeAccounting.Console\HomeAccounting.Console.csproj", "{D8CF7262-32C4-4F25-BE0B-C7EB00DC208C}"
EndProject
Project("{FAE04EC0-301F-11D3-BF4B-00C04F79EFBC}") = "HomeAccounting.BusinessLogic.Contract", "HomeAccounting.BusinessLogic.Contract\HomeAccounting.BusinessLogic.Contract.csproj", "{40AAB13E-CB76-4167-92F2-40CFFE965CAB}"
EndProject
Project("{FAE04EC0-301F-11D3-BF4B-00C04F79EFBC}") = "HomeAccounting.BusinessLogic", "HomeAccounting.BusinessLogic\HomeAccounting.BusinessLogic.csproj", "{A844D72B-8EBB-4D42-941F-0400CFAAE14E}"
EndProject
Project("{FAE04EC0-301F-11D3-BF4B-00C04F79EFBC}") = "HomeAccounting.DataSource.Contract", "HomeAccounting.DataSource.Contract\HomeAccounting.DataSource.Contract.csproj", "{374A5B21-CD40-425F-953D-E676CDC48AD8}"
EndProject
Project("{FAE04EC0-301F-11D3-BF4B-00C04F79EFBC}") = "HomeAccounting.DataSource", "HomeAccounting.DataSource\HomeAccounting.DataSource.csproj", "{866BD813-C0BB-4C4E-9F8B-79613CA7A1B8}"
EndProject
Project("{FAE04EC0-301F-11D3-BF4B-00C04F79EFBC}") = "HomeAccounting.CompositionRoot", "HomeAccounting.CompositionRoot\HomeAccounting.CompositionRoot.csproj", "{F56C6CCD-7E49-47A8-8077-C344353379D4}"
EndProject
Global
	GlobalSection(SolutionConfigurationPlatforms) = preSolution
		Debug|Any CPU = Debug|Any CPU
		Release|Any CPU = Release|Any CPU
	EndGlobalSection
	GlobalSection(ProjectConfigurationPlatforms) = postSolution
		{057D63F9-B5F5-4BC7-A392-48CD83F1379D}.Debug|Any CPU.ActiveCfg = Debug|Any CPU
		{057D63F9-B5F5-4BC7-A392-48CD83F1379D}.Debug|Any CPU.Build.0 = Debug|Any CPU
		{057D63F9-B5F5-4BC7-A392-48CD83F1379D}.Release|Any CPU.ActiveCfg = Release|Any CPU
		{057D63F9-B5F5-4BC7-A392-48CD83F1379D}.Release|Any CPU.Build.0 = Release|Any CPU
		{D8CF7262-32C4-4F25-BE0B-C7EB00DC208C}.Debug|Any CPU.ActiveCfg = Debug|Any CPU
		{D8CF7262-32C4-4F25-BE0B-C7EB00DC208C}.Debug|Any CPU.Build.0 = Debug|Any CPU
		{D8CF7262-32C4-4F25-BE0B-C7EB00DC208C}.Release|Any CPU.ActiveCfg = Release|Any CPU
		{D8CF7262-32C4-4F25-BE0B-C7EB00DC208C}.Release|Any CPU.Build.0 = Release|Any CPU
		{40AAB13E-CB76-4167-92F2-40CFFE965CAB}.Debug|Any CPU.ActiveCfg = Debug|Any CPU
		{40AAB13E-CB76-4167-92F2-40CFFE965CAB}.Debug|Any CPU.Build.0 = Debug|Any CPU
		{40AAB13E-CB76-4167-92F2-40CFFE965CAB}.Release|Any CPU.ActiveCfg = Release|Any CPU
		{40AAB13E-CB76-4167-92F2-40CFFE965CAB}.Release|Any CPU.Build.0 = Release|Any CPU
		{A844D72B-8EBB-4D42-941F-0400CFAAE14E}.Debug|Any CPU.ActiveCfg = Debug|Any CPU
		{A844D72B-8EBB-4D42-941F-0400CFAAE14E}.Debug|Any CPU.Build.0 = Debug|Any CPU
		{A844D72B-8EBB-4D42-941F-0400CFAAE14E}.Release|Any CPU.ActiveCfg = Release|Any CPU
		{A844D72B-8EBB-4D42-941F-0400CFAAE14E}.Release|Any CPU.Build.0 = Release|Any CPU
		{374A5B21-CD40-425F-953D-E676CDC48AD8}.Debug|Any CPU.ActiveCfg = Debug|Any CPU
		{374A5B21-CD40-425F-953D-E676CDC48AD8}.Debug|Any CPU.Build.0 = Debug|Any CPU
		{374A5B21-CD40-425F-953D-E676CDC48AD8}.Release|Any CPU.ActiveCfg = Release|Any CPU
		{374A5B21-CD40-425F-953D-E676CDC48AD8}.Release|Any CPU.Build.0 = Release|Any CPU
		{866BD813-C0BB-4C4E-9F8B-79613CA7A1B8}.Debug|Any CPU.ActiveCfg = Debug|Any CPU
		{866BD813-C0BB-4C4E-9F8B-79613CA7A1B8}.Debug|Any CPU.Build.0 = Debug|Any CPU
		{866BD813-C0BB-4C4E-9F8B-79613CA7A1B8}.Release|Any CPU.ActiveCfg = Release|Any CPU
		{866BD813-C0BB-4C4E-9F8B-79613CA7A1B8}.Release|Any CPU.Build.0 = Release|Any CPU
		{F56C6CCD-7E49-47A8-8077-C344353379D4}.Debug|Any CPU.ActiveCfg = Debug|Any CPU
		{F56C6CCD-7E49-47A8-8077-C344353379D4}.Debug|Any CPU.Build.0 = Debug|Any CPU
		{F56C6CCD-7E49-47A8-8077-C344353379D4}.Release|Any CPU.ActiveCfg = Release|Any CPU
		{F56C6CCD-7E49-47A8-8077-C344353379D4}.Release|Any CPU.Build.0 = Release|Any CPU
	EndGlobalSection
	GlobalSection(SolutionProperties) = preSolution
		HideSolutionNode = FALSE
	EndGlobalSection
	GlobalSection(ExtensibilityGlobals) = postSolution
		SolutionGuid = {80801671-F0DF-4985-B065-75B949F136F7}
	EndGlobalSection
EndGlobal
